
Microsoft Visual Studio Solution File, Format Version 12.00
# Visual Studio Version 17
VisualStudioVersion = 17.9.34714.143
MinimumVisualStudioVersion = 10.0.40219.1
Project("{FAE04EC0-301F-11D3-BF4B-00C04F79EFBC}") = "ExercDoProf_Arrays", "ExercDoProf_Arrays.csproj", "{3ABA2660-0AE1-44D5-8B5A-5242543BF2E1}"
EndProject
Global
	GlobalSection(SolutionConfigurationPlatforms) = preSolution
		Debug|Any CPU = Debug|Any CPU
		Release|Any CPU = Release|Any CPU
	EndGlobalSection
	GlobalSection(ProjectConfigurationPlatforms) = postSolution
		{3ABA2660-0AE1-44D5-8B5A-5242543BF2E1}.Debug|Any CPU.ActiveCfg = Debug|Any CPU
		{3ABA2660-0AE1-44D5-8B5A-5242543BF2E1}.Debug|Any CPU.Build.0 = Debug|Any CPU
		{3ABA2660-0AE1-44D5-8B5A-5242543BF2E1}.Release|Any CPU.ActiveCfg = Release|Any CPU
		{3ABA2660-0AE1-44D5-8B5A-5242543BF2E1}.Release|Any CPU.Build.0 = Release|Any CPU
	EndGlobalSection
	GlobalSection(SolutionProperties) = preSolution
		HideSolutionNode = FALSE
	EndGlobalSection
	GlobalSection(ExtensibilityGlobals) = postSolution
		SolutionGuid = {3CC07403-09FE-44A5-AC4C-721FF15063C5}
	EndGlobalSection
EndGlobal
